// !$*UTF8*$!
{
	archiveVersion = 1;
	classes = {
	};
	objectVersion = 46;
	objects = {

/* Begin PBXBuildFile section */
		2702EE39185A9612003114F6 /* Foundation.framework in Frameworks */ = {isa = PBXBuildFile; fileRef = 2702EE38185A9612003114F6 /* Foundation.framework */; };
		2702EE3B185A9612003114F6 /* CoreGraphics.framework in Frameworks */ = {isa = PBXBuildFile; fileRef = 2702EE3A185A9612003114F6 /* CoreGraphics.framework */; };
		2702EE3D185A9612003114F6 /* UIKit.framework in Frameworks */ = {isa = PBXBuildFile; fileRef = 2702EE3C185A9612003114F6 /* UIKit.framework */; };
		2702EE43185A9612003114F6 /* InfoPlist.strings in Resources */ = {isa = PBXBuildFile; fileRef = 2702EE41185A9612003114F6 /* InfoPlist.strings */; };
		2702EE45185A9612003114F6 /* main.mm in Sources */ = {isa = PBXBuildFile; fileRef = 2702EE44185A9612003114F6 /* main.mm */; };
		2702EE49185A9612003114F6 /* AppDelegate.mm in Sources */ = {isa = PBXBuildFile; fileRef = 2702EE48185A9612003114F6 /* AppDelegate.mm */; };
		2702EE4B185A9612003114F6 /* Images.xcassets in Resources */ = {isa = PBXBuildFile; fileRef = 2702EE4A185A9612003114F6 /* Images.xcassets */; };
		2702F48A185AA576003114F6 /* CoreMotion.framework in Frameworks */ = {isa = PBXBuildFile; fileRef = 2702F489185AA576003114F6 /* CoreMotion.framework */; };
		2702F4BF185ABC8C003114F6 /* AppController.mm in Sources */ = {isa = PBXBuildFile; fileRef = 2702F4BE185ABC8C003114F6 /* AppController.mm */; };
		2702F4C2185ABCDA003114F6 /* RootViewController.mm in Sources */ = {isa = PBXBuildFile; fileRef = 2702F4C1185ABCDA003114F6 /* RootViewController.mm */; };
		2702F4C4185ABDD4003114F6 /* OpenAL.framework in Frameworks */ = {isa = PBXBuildFile; fileRef = 2702F4C3185ABDD4003114F6 /* OpenAL.framework */; };
		2702F4C6185ABDDA003114F6 /* OpenGLES.framework in Frameworks */ = {isa = PBXBuildFile; fileRef = 2702F4C5185ABDDA003114F6 /* OpenGLES.framework */; };
		2709AF3D187E3320005D1569 /* SocketUtil.cpp in Sources */ = {isa = PBXBuildFile; fileRef = 2709AF3B187E3320005D1569 /* SocketUtil.cpp */; };
		270BA422187A7D1D0063F8A1 /* socket.cpp in Sources */ = {isa = PBXBuildFile; fileRef = 270BA420187A7D1D0063F8A1 /* socket.cpp */; };
		270BA437187A8C290063F8A1 /* NetworkHook.cpp in Sources */ = {isa = PBXBuildFile; fileRef = 270BA435187A8C290063F8A1 /* NetworkHook.cpp */; };
		2713CC831881345800FE9B0C /* TestScene.lua in Resources */ = {isa = PBXBuildFile; fileRef = 2713CC821881345800FE9B0C /* TestScene.lua */; };
		2716B0281872637F00F4333F /* JsonUtil.cpp in Sources */ = {isa = PBXBuildFile; fileRef = 2716B0261872637F00F4333F /* JsonUtil.cpp */; };
		2716B03A1872752700F4333F /* net.lua in Resources */ = {isa = PBXBuildFile; fileRef = 2716B0391872752700F4333F /* net.lua */; };
		271B34B018717CB700CF4FEE /* luaUtil.cpp in Sources */ = {isa = PBXBuildFile; fileRef = 271B34AE18717CB700CF4FEE /* luaUtil.cpp */; };
		272A2A2118865E4200BDDE97 /* CCTestScene.lua in Resources */ = {isa = PBXBuildFile; fileRef = 272A2A2018865E4200BDDE97 /* CCTestScene.lua */; };
		278968F81877F63000CA9746 /* baseUtil.cpp in Sources */ = {isa = PBXBuildFile; fileRef = 278968F61877F63000CA9746 /* baseUtil.cpp */; };
		278EB8A31885338800187070 /* CTestScene.lua in Resources */ = {isa = PBXBuildFile; fileRef = 278EB8A21885338800187070 /* CTestScene.lua */; };
		2790D9E9187BD65E00E6FC17 /* base.lua in Resources */ = {isa = PBXBuildFile; fileRef = 2790D9E8187BD65E00E6FC17 /* base.lua */; };
		2792E49A187500B90002BB2B /* libbox2d iOS.a in Frameworks */ = {isa = PBXBuildFile; fileRef = 2792E493187500320002BB2B /* libbox2d iOS.a */; };
		2792E49B187500B90002BB2B /* libchipmunk iOS.a in Frameworks */ = {isa = PBXBuildFile; fileRef = 2792E491187500320002BB2B /* libchipmunk iOS.a */; };
		2792E49C187500B90002BB2B /* libcocos2dx iOS.a in Frameworks */ = {isa = PBXBuildFile; fileRef = 2792E48D187500320002BB2B /* libcocos2dx iOS.a */; };
		2792E49D187500B90002BB2B /* libcocos2dx-extensions iOS.a in Frameworks */ = {isa = PBXBuildFile; fileRef = 2792E48F187500320002BB2B /* libcocos2dx-extensions iOS.a */; };
		2792E49E187500B90002BB2B /* libCocosDenshion iOS.a in Frameworks */ = {isa = PBXBuildFile; fileRef = 2792E495187500320002BB2B /* libCocosDenshion iOS.a */; };
		2792E49F187500B90002BB2B /* libjsbindings iOS.a in Frameworks */ = {isa = PBXBuildFile; fileRef = 2792E497187500320002BB2B /* libjsbindings iOS.a */; };
		2792E4A0187500B90002BB2B /* libluabindings iOS.a in Frameworks */ = {isa = PBXBuildFile; fileRef = 2792E499187500320002BB2B /* libluabindings iOS.a */; };
		2792E4A41875352E0002BB2B /* RequestManager.cpp in Sources */ = {isa = PBXBuildFile; fileRef = 2792E4A21875352E0002BB2B /* RequestManager.cpp */; };
		27D02CC0185EDC9300A634BE /* AudioEngine.lua in Resources */ = {isa = PBXBuildFile; fileRef = 27D02CB1185EDC9300A634BE /* AudioEngine.lua */; };
		27D02CC1185EDC9300A634BE /* CCBReaderLoad.lua in Resources */ = {isa = PBXBuildFile; fileRef = 27D02CB2185EDC9300A634BE /* CCBReaderLoad.lua */; };
		27D02CC2185EDC9300A634BE /* Cocos2d.lua in Resources */ = {isa = PBXBuildFile; fileRef = 27D02CB3185EDC9300A634BE /* Cocos2d.lua */; };
		27D02CC3185EDC9300A634BE /* Cocos2dConstants.lua in Resources */ = {isa = PBXBuildFile; fileRef = 27D02CB4185EDC9300A634BE /* Cocos2dConstants.lua */; };
		27D02CC4185EDC9300A634BE /* Deprecated.lua in Resources */ = {isa = PBXBuildFile; fileRef = 27D02CB5185EDC9300A634BE /* Deprecated.lua */; };
		27D02CC5185EDC9300A634BE /* DeprecatedClass.lua in Resources */ = {isa = PBXBuildFile; fileRef = 27D02CB6185EDC9300A634BE /* DeprecatedClass.lua */; };
		27D02CC6185EDC9300A634BE /* DeprecatedEnum.lua in Resources */ = {isa = PBXBuildFile; fileRef = 27D02CB7185EDC9300A634BE /* DeprecatedEnum.lua */; };
		27D02CC7185EDC9300A634BE /* DeprecatedOpenglEnum.lua in Resources */ = {isa = PBXBuildFile; fileRef = 27D02CB8185EDC9300A634BE /* DeprecatedOpenglEnum.lua */; };
		27D02CC8185EDC9300A634BE /* DrawPrimitives.lua in Resources */ = {isa = PBXBuildFile; fileRef = 27D02CB9185EDC9300A634BE /* DrawPrimitives.lua */; };
		27D02CC9185EDC9300A634BE /* json.lua in Resources */ = {isa = PBXBuildFile; fileRef = 27D02CBA185EDC9300A634BE /* json.lua */; };
		27D02CCA185EDC9300A634BE /* luaj.lua in Resources */ = {isa = PBXBuildFile; fileRef = 27D02CBB185EDC9300A634BE /* luaj.lua */; };
		27D02CCB185EDC9300A634BE /* luaoc.lua in Resources */ = {isa = PBXBuildFile; fileRef = 27D02CBC185EDC9300A634BE /* luaoc.lua */; };
		27D02CCC185EDC9300A634BE /* Opengl.lua in Resources */ = {isa = PBXBuildFile; fileRef = 27D02CBD185EDC9300A634BE /* Opengl.lua */; };
		27D02CCD185EDC9300A634BE /* OpenglConstants.lua in Resources */ = {isa = PBXBuildFile; fileRef = 27D02CBE185EDC9300A634BE /* OpenglConstants.lua */; };
		27D02CCE185EDC9300A634BE /* StudioConstants.lua in Resources */ = {isa = PBXBuildFile; fileRef = 27D02CBF185EDC9300A634BE /* StudioConstants.lua */; };
		27FDAF6C185E913E00CCB1B5 /* libz.dylib in Frameworks */ = {isa = PBXBuildFile; fileRef = 27FDAF6B185E913E00CCB1B5 /* libz.dylib */; };
		27FDAF6E185E914D00CCB1B5 /* QuartzCore.framework in Frameworks */ = {isa = PBXBuildFile; fileRef = 27FDAF6D185E914D00CCB1B5 /* QuartzCore.framework */; };
		27FDAF70185E916700CCB1B5 /* AudioToolbox.framework in Frameworks */ = {isa = PBXBuildFile; fileRef = 27FDAF6F185E916700CCB1B5 /* AudioToolbox.framework */; };
		27FDAF72185E916F00CCB1B5 /* AVFoundation.framework in Frameworks */ = {isa = PBXBuildFile; fileRef = 27FDAF71185E916F00CCB1B5 /* AVFoundation.framework */; };
		27FDAF74185E93E900CCB1B5 /* libcurl.a in Frameworks */ = {isa = PBXBuildFile; fileRef = 27FDAF73185E93E900CCB1B5 /* libcurl.a */; };
		27FDB00D185EA0B100CCB1B5 /* background.mp3 in Resources */ = {isa = PBXBuildFile; fileRef = 27FDB000185EA0B100CCB1B5 /* background.mp3 */; };
		27FDB00E185EA0B100CCB1B5 /* background.ogg in Resources */ = {isa = PBXBuildFile; fileRef = 27FDB001185EA0B100CCB1B5 /* background.ogg */; };
		27FDB00F185EA0B100CCB1B5 /* crop.png in Resources */ = {isa = PBXBuildFile; fileRef = 27FDB002185EA0B100CCB1B5 /* crop.png */; };
		27FDB010185EA0B100CCB1B5 /* dog.png in Resources */ = {isa = PBXBuildFile; fileRef = 27FDB003185EA0B100CCB1B5 /* dog.png */; };
		27FDB011185EA0B100CCB1B5 /* effect1.wav in Resources */ = {isa = PBXBuildFile; fileRef = 27FDB004185EA0B100CCB1B5 /* effect1.wav */; };
		27FDB012185EA0B100CCB1B5 /* farm.jpg in Resources */ = {isa = PBXBuildFile; fileRef = 27FDB005185EA0B100CCB1B5 /* farm.jpg */; };
		27FDB013185EA0B100CCB1B5 /* Marker Felt.ttf in Resources */ = {isa = PBXBuildFile; fileRef = 27FDB007185EA0B100CCB1B5 /* Marker Felt.ttf */; };
		27FDB014185EA0B100CCB1B5 /* hello.lua in Resources */ = {isa = PBXBuildFile; fileRef = 27FDB008185EA0B100CCB1B5 /* hello.lua */; };
		27FDB016185EA0B100CCB1B5 /* land.png in Resources */ = {isa = PBXBuildFile; fileRef = 27FDB00A185EA0B100CCB1B5 /* land.png */; };
		27FDB017185EA0B100CCB1B5 /* menu1.png in Resources */ = {isa = PBXBuildFile; fileRef = 27FDB00B185EA0B100CCB1B5 /* menu1.png */; };
		27FDB018185EA0B100CCB1B5 /* menu2.png in Resources */ = {isa = PBXBuildFile; fileRef = 27FDB00C185EA0B100CCB1B5 /* menu2.png */; };
/* End PBXBuildFile section */

/* Begin PBXContainerItemProxy section */
		2792E47E187500320002BB2B /* PBXContainerItemProxy */ = {
			isa = PBXContainerItemProxy;
			containerPortal = 2792E46B187500310002BB2B /* cocos2d_libs.xcodeproj */;
			proxyType = 2;
			remoteGlobalIDString = 1551A33F158F2AB200E66CFE;
			remoteInfo = "cocos2dx Mac";
		};
		2792E480187500320002BB2B /* PBXContainerItemProxy */ = {
			isa = PBXContainerItemProxy;
			containerPortal = 2792E46B187500310002BB2B /* cocos2d_libs.xcodeproj */;
			proxyType = 2;
			remoteGlobalIDString = A03F2FD617814595006731B9;
			remoteInfo = "cocos2dx-extensions Mac";
		};
		2792E482187500320002BB2B /* PBXContainerItemProxy */ = {
			isa = PBXContainerItemProxy;
			containerPortal = 2792E46B187500310002BB2B /* cocos2d_libs.xcodeproj */;
			proxyType = 2;
			remoteGlobalIDString = A03F2CB81780BD04006731B9;
			remoteInfo = "chipmunk Mac";
		};
		2792E484187500320002BB2B /* PBXContainerItemProxy */ = {
			isa = PBXContainerItemProxy;
			containerPortal = 2792E46B187500310002BB2B /* cocos2d_libs.xcodeproj */;
			proxyType = 2;
			remoteGlobalIDString = A03F2D9B1780BDF7006731B9;
			remoteInfo = "box2d Mac";
		};
		2792E486187500320002BB2B /* PBXContainerItemProxy */ = {
			isa = PBXContainerItemProxy;
			containerPortal = 2792E46B187500310002BB2B /* cocos2d_libs.xcodeproj */;
			proxyType = 2;
			remoteGlobalIDString = A03F2ED617814268006731B9;
			remoteInfo = "CocosDenshion Mac";
		};
		2792E488187500320002BB2B /* PBXContainerItemProxy */ = {
			isa = PBXContainerItemProxy;
			containerPortal = 2792E46B187500310002BB2B /* cocos2d_libs.xcodeproj */;
			proxyType = 2;
			remoteGlobalIDString = A03F31FD1781479B006731B9;
			remoteInfo = "jsbindings Mac";
		};
		2792E48A187500320002BB2B /* PBXContainerItemProxy */ = {
			isa = PBXContainerItemProxy;
			containerPortal = 2792E46B187500310002BB2B /* cocos2d_libs.xcodeproj */;
			proxyType = 2;
			remoteGlobalIDString = 1A6FB53017854BC300CDF010;
			remoteInfo = "luabindings Mac";
		};
		2792E48C187500320002BB2B /* PBXContainerItemProxy */ = {
			isa = PBXContainerItemProxy;
			containerPortal = 2792E46B187500310002BB2B /* cocos2d_libs.xcodeproj */;
			proxyType = 2;
			remoteGlobalIDString = A07A4D641783777C0073F6A7;
			remoteInfo = "cocos2dx iOS";
		};
		2792E48E187500320002BB2B /* PBXContainerItemProxy */ = {
			isa = PBXContainerItemProxy;
			containerPortal = 2792E46B187500310002BB2B /* cocos2d_libs.xcodeproj */;
			proxyType = 2;
			remoteGlobalIDString = A07A4EFC1783867C0073F6A7;
			remoteInfo = "cocos2dx-extensions iOS";
		};
		2792E490187500320002BB2B /* PBXContainerItemProxy */ = {
			isa = PBXContainerItemProxy;
			containerPortal = 2792E46B187500310002BB2B /* cocos2d_libs.xcodeproj */;
			proxyType = 2;
			remoteGlobalIDString = A07A4F3B178387670073F6A7;
			remoteInfo = "chipmunk iOS";
		};
		2792E492187500320002BB2B /* PBXContainerItemProxy */ = {
			isa = PBXContainerItemProxy;
			containerPortal = 2792E46B187500310002BB2B /* cocos2d_libs.xcodeproj */;
			proxyType = 2;
			remoteGlobalIDString = A07A4F9E1783876B0073F6A7;
			remoteInfo = "box2d iOS";
		};
		2792E494187500320002BB2B /* PBXContainerItemProxy */ = {
			isa = PBXContainerItemProxy;
			containerPortal = 2792E46B187500310002BB2B /* cocos2d_libs.xcodeproj */;
			proxyType = 2;
			remoteGlobalIDString = A07A4FB4178387730073F6A7;
			remoteInfo = "CocosDenshion iOS";
		};
		2792E496187500320002BB2B /* PBXContainerItemProxy */ = {
			isa = PBXContainerItemProxy;
			containerPortal = 2792E46B187500310002BB2B /* cocos2d_libs.xcodeproj */;
			proxyType = 2;
			remoteGlobalIDString = A07A5030178387750073F6A7;
			remoteInfo = "jsbindings iOS";
		};
		2792E498187500320002BB2B /* PBXContainerItemProxy */ = {
			isa = PBXContainerItemProxy;
			containerPortal = 2792E46B187500310002BB2B /* cocos2d_libs.xcodeproj */;
			proxyType = 2;
			remoteGlobalIDString = 1A119791178526AA00D62A44;
			remoteInfo = "luabindings iOS";
		};
/* End PBXContainerItemProxy section */

/* Begin PBXFileReference section */
		2702EE35185A9612003114F6 /* coclua.app */ = {isa = PBXFileReference; explicitFileType = wrapper.application; includeInIndex = 0; path = coclua.app; sourceTree = BUILT_PRODUCTS_DIR; };
		2702EE38185A9612003114F6 /* Foundation.framework */ = {isa = PBXFileReference; lastKnownFileType = wrapper.framework; name = Foundation.framework; path = System/Library/Frameworks/Foundation.framework; sourceTree = SDKROOT; };
		2702EE3A185A9612003114F6 /* CoreGraphics.framework */ = {isa = PBXFileReference; lastKnownFileType = wrapper.framework; name = CoreGraphics.framework; path = System/Library/Frameworks/CoreGraphics.framework; sourceTree = SDKROOT; };
		2702EE3C185A9612003114F6 /* UIKit.framework */ = {isa = PBXFileReference; lastKnownFileType = wrapper.framework; name = UIKit.framework; path = System/Library/Frameworks/UIKit.framework; sourceTree = SDKROOT; };
		2702EE40185A9612003114F6 /* coclua-Info.plist */ = {isa = PBXFileReference; lastKnownFileType = text.plist.xml; path = "coclua-Info.plist"; sourceTree = "<group>"; };
		2702EE42185A9612003114F6 /* en */ = {isa = PBXFileReference; lastKnownFileType = text.plist.strings; name = en; path = en.lproj/InfoPlist.strings; sourceTree = "<group>"; };
		2702EE44185A9612003114F6 /* main.mm */ = {isa = PBXFileReference; lastKnownFileType = sourcecode.cpp.objcpp; path = main.mm; sourceTree = "<group>"; };
		2702EE46185A9612003114F6 /* coclua-Prefix.pch */ = {isa = PBXFileReference; lastKnownFileType = sourcecode.c.h; path = "coclua-Prefix.pch"; sourceTree = "<group>"; };
		2702EE47185A9612003114F6 /* AppDelegate.h */ = {isa = PBXFileReference; lastKnownFileType = sourcecode.c.h; path = AppDelegate.h; sourceTree = "<group>"; };
		2702EE48185A9612003114F6 /* AppDelegate.mm */ = {isa = PBXFileReference; lastKnownFileType = sourcecode.cpp.objcpp; path = AppDelegate.mm; sourceTree = "<group>"; };
		2702EE4A185A9612003114F6 /* Images.xcassets */ = {isa = PBXFileReference; lastKnownFileType = folder.assetcatalog; path = Images.xcassets; sourceTree = "<group>"; };
		2702F489185AA576003114F6 /* CoreMotion.framework */ = {isa = PBXFileReference; lastKnownFileType = wrapper.framework; name = CoreMotion.framework; path = System/Library/Frameworks/CoreMotion.framework; sourceTree = SDKROOT; };
		2702F4BD185ABC8C003114F6 /* AppController.h */ = {isa = PBXFileReference; fileEncoding = 4; lastKnownFileType = sourcecode.c.h; path = AppController.h; sourceTree = "<group>"; };
		2702F4BE185ABC8C003114F6 /* AppController.mm */ = {isa = PBXFileReference; fileEncoding = 4; lastKnownFileType = sourcecode.cpp.objcpp; path = AppController.mm; sourceTree = "<group>"; };
		2702F4C0185ABCDA003114F6 /* RootViewController.h */ = {isa = PBXFileReference; fileEncoding = 4; lastKnownFileType = sourcecode.c.h; path = RootViewController.h; sourceTree = "<group>"; };
		2702F4C1185ABCDA003114F6 /* RootViewController.mm */ = {isa = PBXFileReference; fileEncoding = 4; lastKnownFileType = sourcecode.cpp.objcpp; path = RootViewController.mm; sourceTree = "<group>"; };
		2702F4C3185ABDD4003114F6 /* OpenAL.framework */ = {isa = PBXFileReference; lastKnownFileType = wrapper.framework; name = OpenAL.framework; path = System/Library/Frameworks/OpenAL.framework; sourceTree = SDKROOT; };
		2702F4C5185ABDDA003114F6 /* OpenGLES.framework */ = {isa = PBXFileReference; lastKnownFileType = wrapper.framework; name = OpenGLES.framework; path = System/Library/Frameworks/OpenGLES.framework; sourceTree = SDKROOT; };
		2709AF3B187E3320005D1569 /* SocketUtil.cpp */ = {isa = PBXFileReference; fileEncoding = 4; lastKnownFileType = sourcecode.cpp.cpp; path = SocketUtil.cpp; sourceTree = "<group>"; };
		2709AF3C187E3320005D1569 /* SocketUtil.h */ = {isa = PBXFileReference; fileEncoding = 4; lastKnownFileType = sourcecode.c.h; path = SocketUtil.h; sourceTree = "<group>"; };
		270BA420187A7D1D0063F8A1 /* socket.cpp */ = {isa = PBXFileReference; fileEncoding = 4; lastKnownFileType = sourcecode.cpp.cpp; path = socket.cpp; sourceTree = "<group>"; };
		270BA421187A7D1D0063F8A1 /* socket.h */ = {isa = PBXFileReference; fileEncoding = 4; lastKnownFileType = sourcecode.c.h; path = socket.h; sourceTree = "<group>"; };
		270BA435187A8C290063F8A1 /* NetworkHook.cpp */ = {isa = PBXFileReference; fileEncoding = 4; lastKnownFileType = sourcecode.cpp.cpp; path = NetworkHook.cpp; sourceTree = "<group>"; };
		270BA436187A8C290063F8A1 /* NetworkHook.h */ = {isa = PBXFileReference; fileEncoding = 4; lastKnownFileType = sourcecode.c.h; path = NetworkHook.h; sourceTree = "<group>"; };
		2713CC821881345800FE9B0C /* TestScene.lua */ = {isa = PBXFileReference; fileEncoding = 4; lastKnownFileType = text; path = TestScene.lua; sourceTree = "<group>"; };
		2716B0261872637F00F4333F /* JsonUtil.cpp */ = {isa = PBXFileReference; fileEncoding = 4; lastKnownFileType = sourcecode.cpp.cpp; path = JsonUtil.cpp; sourceTree = "<group>"; };
		2716B0271872637F00F4333F /* JsonUtil.h */ = {isa = PBXFileReference; fileEncoding = 4; lastKnownFileType = sourcecode.c.h; path = JsonUtil.h; sourceTree = "<group>"; };
		2716B0391872752700F4333F /* net.lua */ = {isa = PBXFileReference; fileEncoding = 4; lastKnownFileType = text; path = net.lua; sourceTree = "<group>"; };
		271B34AE18717CB700CF4FEE /* luaUtil.cpp */ = {isa = PBXFileReference; fileEncoding = 4; lastKnownFileType = sourcecode.cpp.cpp; path = luaUtil.cpp; sourceTree = "<group>"; };
		271B34AF18717CB700CF4FEE /* luaUtil.h */ = {isa = PBXFileReference; fileEncoding = 4; lastKnownFileType = sourcecode.c.h; path = luaUtil.h; sourceTree = "<group>"; };
		272A2A2018865E4200BDDE97 /* CCTestScene.lua */ = {isa = PBXFileReference; fileEncoding = 4; lastKnownFileType = text; path = CCTestScene.lua; sourceTree = "<group>"; };
		278968F61877F63000CA9746 /* baseUtil.cpp */ = {isa = PBXFileReference; fileEncoding = 4; lastKnownFileType = sourcecode.cpp.cpp; path = baseUtil.cpp; sourceTree = "<group>"; };
		278968F71877F63000CA9746 /* baseUtil.h */ = {isa = PBXFileReference; fileEncoding = 4; lastKnownFileType = sourcecode.c.h; path = baseUtil.h; sourceTree = "<group>"; };
		278EB8A21885338800187070 /* CTestScene.lua */ = {isa = PBXFileReference; fileEncoding = 4; lastKnownFileType = text; path = CTestScene.lua; sourceTree = "<group>"; };
		2790D9E8187BD65E00E6FC17 /* base.lua */ = {isa = PBXFileReference; fileEncoding = 4; lastKnownFileType = text; path = base.lua; sourceTree = "<group>"; };
		2792E46B187500310002BB2B /* cocos2d_libs.xcodeproj */ = {isa = PBXFileReference; lastKnownFileType = "wrapper.pb-project"; name = cocos2d_libs.xcodeproj; path = "../../cocos2d-x-3.0alpha1/build/cocos2d_libs.xcodeproj"; sourceTree = "<group>"; };
		2792E4A21875352E0002BB2B /* RequestManager.cpp */ = {isa = PBXFileReference; fileEncoding = 4; lastKnownFileType = sourcecode.cpp.cpp; path = RequestManager.cpp; sourceTree = "<group>"; };
		2792E4A31875352E0002BB2B /* RequestManager.h */ = {isa = PBXFileReference; fileEncoding = 4; lastKnownFileType = sourcecode.c.h; path = RequestManager.h; sourceTree = "<group>"; };
		27D02CB1185EDC9300A634BE /* AudioEngine.lua */ = {isa = PBXFileReference; fileEncoding = 4; lastKnownFileType = text; path = AudioEngine.lua; sourceTree = "<group>"; };
		27D02CB2185EDC9300A634BE /* CCBReaderLoad.lua */ = {isa = PBXFileReference; fileEncoding = 4; lastKnownFileType = text; path = CCBReaderLoad.lua; sourceTree = "<group>"; };
		27D02CB3185EDC9300A634BE /* Cocos2d.lua */ = {isa = PBXFileReference; fileEncoding = 4; lastKnownFileType = text; path = Cocos2d.lua; sourceTree = "<group>"; };
		27D02CB4185EDC9300A634BE /* Cocos2dConstants.lua */ = {isa = PBXFileReference; fileEncoding = 4; lastKnownFileType = text; path = Cocos2dConstants.lua; sourceTree = "<group>"; };
		27D02CB5185EDC9300A634BE /* Deprecated.lua */ = {isa = PBXFileReference; fileEncoding = 4; lastKnownFileType = text; path = Deprecated.lua; sourceTree = "<group>"; };
		27D02CB6185EDC9300A634BE /* DeprecatedClass.lua */ = {isa = PBXFileReference; fileEncoding = 4; lastKnownFileType = text; path = DeprecatedClass.lua; sourceTree = "<group>"; };
		27D02CB7185EDC9300A634BE /* DeprecatedEnum.lua */ = {isa = PBXFileReference; fileEncoding = 4; lastKnownFileType = text; path = DeprecatedEnum.lua; sourceTree = "<group>"; };
		27D02CB8185EDC9300A634BE /* DeprecatedOpenglEnum.lua */ = {isa = PBXFileReference; fileEncoding = 4; lastKnownFileType = text; path = DeprecatedOpenglEnum.lua; sourceTree = "<group>"; };
		27D02CB9185EDC9300A634BE /* DrawPrimitives.lua */ = {isa = PBXFileReference; fileEncoding = 4; lastKnownFileType = text; path = DrawPrimitives.lua; sourceTree = "<group>"; };
		27D02CBA185EDC9300A634BE /* json.lua */ = {isa = PBXFileReference; fileEncoding = 4; lastKnownFileType = text; path = json.lua; sourceTree = "<group>"; };
		27D02CBB185EDC9300A634BE /* luaj.lua */ = {isa = PBXFileReference; fileEncoding = 4; lastKnownFileType = text; path = luaj.lua; sourceTree = "<group>"; };
		27D02CBC185EDC9300A634BE /* luaoc.lua */ = {isa = PBXFileReference; fileEncoding = 4; lastKnownFileType = text; path = luaoc.lua; sourceTree = "<group>"; };
		27D02CBD185EDC9300A634BE /* Opengl.lua */ = {isa = PBXFileReference; fileEncoding = 4; lastKnownFileType = text; path = Opengl.lua; sourceTree = "<group>"; };
		27D02CBE185EDC9300A634BE /* OpenglConstants.lua */ = {isa = PBXFileReference; fileEncoding = 4; lastKnownFileType = text; path = OpenglConstants.lua; sourceTree = "<group>"; };
		27D02CBF185EDC9300A634BE /* StudioConstants.lua */ = {isa = PBXFileReference; fileEncoding = 4; lastKnownFileType = text; path = StudioConstants.lua; sourceTree = "<group>"; };
		27FDAF6B185E913E00CCB1B5 /* libz.dylib */ = {isa = PBXFileReference; lastKnownFileType = "compiled.mach-o.dylib"; name = libz.dylib; path = usr/lib/libz.dylib; sourceTree = SDKROOT; };
		27FDAF6D185E914D00CCB1B5 /* QuartzCore.framework */ = {isa = PBXFileReference; lastKnownFileType = wrapper.framework; name = QuartzCore.framework; path = System/Library/Frameworks/QuartzCore.framework; sourceTree = SDKROOT; };
		27FDAF6F185E916700CCB1B5 /* AudioToolbox.framework */ = {isa = PBXFileReference; lastKnownFileType = wrapper.framework; name = AudioToolbox.framework; path = System/Library/Frameworks/AudioToolbox.framework; sourceTree = SDKROOT; };
		27FDAF71185E916F00CCB1B5 /* AVFoundation.framework */ = {isa = PBXFileReference; lastKnownFileType = wrapper.framework; name = AVFoundation.framework; path = System/Library/Frameworks/AVFoundation.framework; sourceTree = SDKROOT; };
		27FDAF73185E93E900CCB1B5 /* libcurl.a */ = {isa = PBXFileReference; lastKnownFileType = archive.ar; path = libcurl.a; sourceTree = "<group>"; };
		27FDB000185EA0B100CCB1B5 /* background.mp3 */ = {isa = PBXFileReference; lastKnownFileType = audio.mp3; path = background.mp3; sourceTree = "<group>"; };
		27FDB001185EA0B100CCB1B5 /* background.ogg */ = {isa = PBXFileReference; lastKnownFileType = file; path = background.ogg; sourceTree = "<group>"; };
		27FDB002185EA0B100CCB1B5 /* crop.png */ = {isa = PBXFileReference; lastKnownFileType = image.png; path = crop.png; sourceTree = "<group>"; };
		27FDB003185EA0B100CCB1B5 /* dog.png */ = {isa = PBXFileReference; lastKnownFileType = image.png; path = dog.png; sourceTree = "<group>"; };
		27FDB004185EA0B100CCB1B5 /* effect1.wav */ = {isa = PBXFileReference; lastKnownFileType = audio.wav; path = effect1.wav; sourceTree = "<group>"; };
		27FDB005185EA0B100CCB1B5 /* farm.jpg */ = {isa = PBXFileReference; lastKnownFileType = image.jpeg; path = farm.jpg; sourceTree = "<group>"; };
		27FDB007185EA0B100CCB1B5 /* Marker Felt.ttf */ = {isa = PBXFileReference; lastKnownFileType = file; path = "Marker Felt.ttf"; sourceTree = "<group>"; };
		27FDB008185EA0B100CCB1B5 /* hello.lua */ = {isa = PBXFileReference; fileEncoding = 4; lastKnownFileType = text; path = hello.lua; sourceTree = "<group>"; };
		27FDB00A185EA0B100CCB1B5 /* land.png */ = {isa = PBXFileReference; lastKnownFileType = image.png; path = land.png; sourceTree = "<group>"; };
		27FDB00B185EA0B100CCB1B5 /* menu1.png */ = {isa = PBXFileReference; lastKnownFileType = image.png; path = menu1.png; sourceTree = "<group>"; };
		27FDB00C185EA0B100CCB1B5 /* menu2.png */ = {isa = PBXFileReference; lastKnownFileType = image.png; path = menu2.png; sourceTree = "<group>"; };
/* End PBXFileReference section */

/* Begin PBXFrameworksBuildPhase section */
		2702EE32185A9612003114F6 /* Frameworks */ = {
			isa = PBXFrameworksBuildPhase;
			buildActionMask = 2147483647;
			files = (
				2792E49A187500B90002BB2B /* libbox2d iOS.a in Frameworks */,
				2792E49B187500B90002BB2B /* libchipmunk iOS.a in Frameworks */,
				2792E49C187500B90002BB2B /* libcocos2dx iOS.a in Frameworks */,
				2792E49D187500B90002BB2B /* libcocos2dx-extensions iOS.a in Frameworks */,
				2792E49E187500B90002BB2B /* libCocosDenshion iOS.a in Frameworks */,
				2792E49F187500B90002BB2B /* libjsbindings iOS.a in Frameworks */,
				2792E4A0187500B90002BB2B /* libluabindings iOS.a in Frameworks */,
				27FDAF74185E93E900CCB1B5 /* libcurl.a in Frameworks */,
				27FDAF72185E916F00CCB1B5 /* AVFoundation.framework in Frameworks */,
				27FDAF70185E916700CCB1B5 /* AudioToolbox.framework in Frameworks */,
				27FDAF6E185E914D00CCB1B5 /* QuartzCore.framework in Frameworks */,
				27FDAF6C185E913E00CCB1B5 /* libz.dylib in Frameworks */,
				2702EE3D185A9612003114F6 /* UIKit.framework in Frameworks */,
				2702F4C6185ABDDA003114F6 /* OpenGLES.framework in Frameworks */,
				2702F4C4185ABDD4003114F6 /* OpenAL.framework in Frameworks */,
				2702F48A185AA576003114F6 /* CoreMotion.framework in Frameworks */,
				2702EE3B185A9612003114F6 /* CoreGraphics.framework in Frameworks */,
				2702EE39185A9612003114F6 /* Foundation.framework in Frameworks */,
			);
			runOnlyForDeploymentPostprocessing = 0;
		};
/* End PBXFrameworksBuildPhase section */

/* Begin PBXGroup section */
		2702EE2C185A9612003114F6 = {
			isa = PBXGroup;
			children = (
				2792E46B187500310002BB2B /* cocos2d_libs.xcodeproj */,
				271B349C18717C3F00CF4FEE /* classes */,
				2702EE3E185A9612003114F6 /* coclua */,
				2702EE37185A9612003114F6 /* Frameworks */,
				2702EE36185A9612003114F6 /* Products */,
				27D02CA0185EDC6A00A634BE /* lua */,
				27FDAFEF185EA08B00CCB1B5 /* Resources */,
			);
			sourceTree = "<group>";
		};
		2702EE36185A9612003114F6 /* Products */ = {
			isa = PBXGroup;
			children = (
				2702EE35185A9612003114F6 /* coclua.app */,
			);
			name = Products;
			sourceTree = "<group>";
		};
		2702EE37185A9612003114F6 /* Frameworks */ = {
			isa = PBXGroup;
			children = (
				27FDAF73185E93E900CCB1B5 /* libcurl.a */,
				27FDAF71185E916F00CCB1B5 /* AVFoundation.framework */,
				27FDAF6F185E916700CCB1B5 /* AudioToolbox.framework */,
				27FDAF6D185E914D00CCB1B5 /* QuartzCore.framework */,
				27FDAF6B185E913E00CCB1B5 /* libz.dylib */,
				2702F4C5185ABDDA003114F6 /* OpenGLES.framework */,
				2702F4C3185ABDD4003114F6 /* OpenAL.framework */,
				2702F489185AA576003114F6 /* CoreMotion.framework */,
				2702EE38185A9612003114F6 /* Foundation.framework */,
				2702EE3A185A9612003114F6 /* CoreGraphics.framework */,
				2702EE3C185A9612003114F6 /* UIKit.framework */,
			);
			name = Frameworks;
			sourceTree = "<group>";
		};
		2702EE3E185A9612003114F6 /* coclua */ = {
			isa = PBXGroup;
			children = (
				2702F4C0185ABCDA003114F6 /* RootViewController.h */,
				2702F4C1185ABCDA003114F6 /* RootViewController.mm */,
				2702F4BD185ABC8C003114F6 /* AppController.h */,
				2702F4BE185ABC8C003114F6 /* AppController.mm */,
				2702EE47185A9612003114F6 /* AppDelegate.h */,
				2702EE48185A9612003114F6 /* AppDelegate.mm */,
				2702EE4A185A9612003114F6 /* Images.xcassets */,
				2702EE3F185A9612003114F6 /* Supporting Files */,
			);
			path = coclua;
			sourceTree = "<group>";
		};
		2702EE3F185A9612003114F6 /* Supporting Files */ = {
			isa = PBXGroup;
			children = (
				2702EE40185A9612003114F6 /* coclua-Info.plist */,
				2702EE41185A9612003114F6 /* InfoPlist.strings */,
				2702EE44185A9612003114F6 /* main.mm */,
				2702EE46185A9612003114F6 /* coclua-Prefix.pch */,
			);
			name = "Supporting Files";
			sourceTree = "<group>";
		};
		270BA433187A8B280063F8A1 /* built-in */ = {
			isa = PBXGroup;
			children = (
				270BA439187ABDEC0063F8A1 /* functions */,
				270BA438187ABDD80063F8A1 /* classes */,
				2792E4A31875352E0002BB2B /* RequestManager.h */,
				2792E4A21875352E0002BB2B /* RequestManager.cpp */,
			);
			name = "built-in";
			sourceTree = "<group>";
		};
		270BA434187A8B490063F8A1 /* costom */ = {
			isa = PBXGroup;
			children = (
				270BA436187A8C290063F8A1 /* NetworkHook.h */,
				270BA435187A8C290063F8A1 /* NetworkHook.cpp */,
			);
			name = costom;
			sourceTree = "<group>";
		};
		270BA438187ABDD80063F8A1 /* classes */ = {
			isa = PBXGroup;
			children = (
				270BA421187A7D1D0063F8A1 /* socket.h */,
				270BA420187A7D1D0063F8A1 /* socket.cpp */,
				2709AF3C187E3320005D1569 /* SocketUtil.h */,
				2709AF3B187E3320005D1569 /* SocketUtil.cpp */,
				2716B0271872637F00F4333F /* JsonUtil.h */,
				2716B0261872637F00F4333F /* JsonUtil.cpp */,
			);
			name = classes;
			sourceTree = "<group>";
		};
		270BA439187ABDEC0063F8A1 /* functions */ = {
			isa = PBXGroup;
			children = (
				278968F71877F63000CA9746 /* baseUtil.h */,
				278968F61877F63000CA9746 /* baseUtil.cpp */,
				271B34AF18717CB700CF4FEE /* luaUtil.h */,
				271B34AE18717CB700CF4FEE /* luaUtil.cpp */,
			);
			name = functions;
			sourceTree = "<group>";
		};
		271B349C18717C3F00CF4FEE /* classes */ = {
			isa = PBXGroup;
			children = (
				271B34AD18717C6F00CF4FEE /* net */,
			);
			path = classes;
			sourceTree = "<group>";
		};
		271B34AD18717C6F00CF4FEE /* net */ = {
			isa = PBXGroup;
			children = (
				270BA434187A8B490063F8A1 /* costom */,
				270BA433187A8B280063F8A1 /* built-in */,
			);
			path = net;
			sourceTree = "<group>";
		};
		2792E46C187500310002BB2B /* Products */ = {
			isa = PBXGroup;
			children = (
				2792E47F187500320002BB2B /* libcocos2dx Mac.a */,
				2792E481187500320002BB2B /* libcocos2dx-extensions Mac.a */,
				2792E483187500320002BB2B /* libchipmunk Mac.a */,
				2792E485187500320002BB2B /* libbox2d Mac.a */,
				2792E487187500320002BB2B /* libCocosDenshion Mac.a */,
				2792E489187500320002BB2B /* libjsbindings Mac.a */,
				2792E48B187500320002BB2B /* libluabindings Mac.a */,
				2792E48D187500320002BB2B /* libcocos2dx iOS.a */,
				2792E48F187500320002BB2B /* libcocos2dx-extensions iOS.a */,
				2792E491187500320002BB2B /* libchipmunk iOS.a */,
				2792E493187500320002BB2B /* libbox2d iOS.a */,
				2792E495187500320002BB2B /* libCocosDenshion iOS.a */,
				2792E497187500320002BB2B /* libjsbindings iOS.a */,
				2792E499187500320002BB2B /* libluabindings iOS.a */,
			);
			name = Products;
			sourceTree = "<group>";
		};
		27D02CA0185EDC6A00A634BE /* lua */ = {
			isa = PBXGroup;
			children = (
				27D02CB1185EDC9300A634BE /* AudioEngine.lua */,
				27D02CB2185EDC9300A634BE /* CCBReaderLoad.lua */,
				27D02CB3185EDC9300A634BE /* Cocos2d.lua */,
				27D02CB4185EDC9300A634BE /* Cocos2dConstants.lua */,
				27D02CB5185EDC9300A634BE /* Deprecated.lua */,
				27D02CB6185EDC9300A634BE /* DeprecatedClass.lua */,
				27D02CB7185EDC9300A634BE /* DeprecatedEnum.lua */,
				27D02CB8185EDC9300A634BE /* DeprecatedOpenglEnum.lua */,
				27D02CB9185EDC9300A634BE /* DrawPrimitives.lua */,
				27D02CBA185EDC9300A634BE /* json.lua */,
				27D02CBB185EDC9300A634BE /* luaj.lua */,
				27D02CBC185EDC9300A634BE /* luaoc.lua */,
				27D02CBD185EDC9300A634BE /* Opengl.lua */,
				27D02CBE185EDC9300A634BE /* OpenglConstants.lua */,
				27D02CBF185EDC9300A634BE /* StudioConstants.lua */,
			);
			name = lua;
			path = "lua common";
			sourceTree = "<group>";
		};
		27FDAFEF185EA08B00CCB1B5 /* Resources */ = {
			isa = PBXGroup;
			children = (
				27FDB000185EA0B100CCB1B5 /* background.mp3 */,
				27FDB001185EA0B100CCB1B5 /* background.ogg */,
				27FDB002185EA0B100CCB1B5 /* crop.png */,
				27FDB003185EA0B100CCB1B5 /* dog.png */,
				27FDB004185EA0B100CCB1B5 /* effect1.wav */,
				27FDB005185EA0B100CCB1B5 /* farm.jpg */,
				27FDB006185EA0B100CCB1B5 /* fonts */,
				2790D9E8187BD65E00E6FC17 /* base.lua */,
				27FDB008185EA0B100CCB1B5 /* hello.lua */,
				2716B0391872752700F4333F /* net.lua */,
				2713CC821881345800FE9B0C /* TestScene.lua */,
				278EB8A21885338800187070 /* CTestScene.lua */,
				272A2A2018865E4200BDDE97 /* CCTestScene.lua */,
				27FDB00A185EA0B100CCB1B5 /* land.png */,
				27FDB00B185EA0B100CCB1B5 /* menu1.png */,
				27FDB00C185EA0B100CCB1B5 /* menu2.png */,
			);
			path = Resources;
			sourceTree = "<group>";
		};
		27FDB006185EA0B100CCB1B5 /* fonts */ = {
			isa = PBXGroup;
			children = (
				27FDB007185EA0B100CCB1B5 /* Marker Felt.ttf */,
			);
			path = fonts;
			sourceTree = "<group>";
		};
/* End PBXGroup section */

/* Begin PBXNativeTarget section */
		2702EE34185A9612003114F6 /* coclua */ = {
			isa = PBXNativeTarget;
			buildConfigurationList = 2702EE61185A9613003114F6 /* Build configuration list for PBXNativeTarget "coclua" */;
			buildPhases = (
				2702EE31185A9612003114F6 /* Sources */,
				2702EE32185A9612003114F6 /* Frameworks */,
				2702EE33185A9612003114F6 /* Resources */,
			);
			buildRules = (
			);
			dependencies = (
			);
			name = coclua;
			productName = coclua;
			productReference = 2702EE35185A9612003114F6 /* coclua.app */;
			productType = "com.apple.product-type.application";
		};
/* End PBXNativeTarget section */

/* Begin PBXProject section */
		2702EE2D185A9612003114F6 /* Project object */ = {
			isa = PBXProject;
			attributes = {
				LastUpgradeCheck = 0500;
				ORGANIZATIONNAME = anan;
			};
			buildConfigurationList = 2702EE30185A9612003114F6 /* Build configuration list for PBXProject "coclua" */;
			compatibilityVersion = "Xcode 3.2";
			developmentRegion = English;
			hasScannedForEncodings = 0;
			knownRegions = (
				en,
			);
			mainGroup = 2702EE2C185A9612003114F6;
			productRefGroup = 2702EE36185A9612003114F6 /* Products */;
			projectDirPath = "";
			projectReferences = (
				{
					ProductGroup = 2792E46C187500310002BB2B /* Products */;
					ProjectRef = 2792E46B187500310002BB2B /* cocos2d_libs.xcodeproj */;
				},
			);
			projectRoot = "";
			targets = (
				2702EE34185A9612003114F6 /* coclua */,
			);
		};
/* End PBXProject section */

/* Begin PBXReferenceProxy section */
		2792E47F187500320002BB2B /* libcocos2dx Mac.a */ = {
			isa = PBXReferenceProxy;
			fileType = archive.ar;
			path = "libcocos2dx Mac.a";
			remoteRef = 2792E47E187500320002BB2B /* PBXContainerItemProxy */;
			sourceTree = BUILT_PRODUCTS_DIR;
		};
		2792E481187500320002BB2B /* libcocos2dx-extensions Mac.a */ = {
			isa = PBXReferenceProxy;
			fileType = archive.ar;
			path = "libcocos2dx-extensions Mac.a";
			remoteRef = 2792E480187500320002BB2B /* PBXContainerItemProxy */;
			sourceTree = BUILT_PRODUCTS_DIR;
		};
		2792E483187500320002BB2B /* libchipmunk Mac.a */ = {
			isa = PBXReferenceProxy;
			fileType = archive.ar;
			path = "libchipmunk Mac.a";
			remoteRef = 2792E482187500320002BB2B /* PBXContainerItemProxy */;
			sourceTree = BUILT_PRODUCTS_DIR;
		};
		2792E485187500320002BB2B /* libbox2d Mac.a */ = {
			isa = PBXReferenceProxy;
			fileType = archive.ar;
			path = "libbox2d Mac.a";
			remoteRef = 2792E484187500320002BB2B /* PBXContainerItemProxy */;
			sourceTree = BUILT_PRODUCTS_DIR;
		};
		2792E487187500320002BB2B /* libCocosDenshion Mac.a */ = {
			isa = PBXReferenceProxy;
			fileType = archive.ar;
			path = "libCocosDenshion Mac.a";
			remoteRef = 2792E486187500320002BB2B /* PBXContainerItemProxy */;
			sourceTree = BUILT_PRODUCTS_DIR;
		};
		2792E489187500320002BB2B /* libjsbindings Mac.a */ = {
			isa = PBXReferenceProxy;
			fileType = archive.ar;
			path = "libjsbindings Mac.a";
			remoteRef = 2792E488187500320002BB2B /* PBXContainerItemProxy */;
			sourceTree = BUILT_PRODUCTS_DIR;
		};
		2792E48B187500320002BB2B /* libluabindings Mac.a */ = {
			isa = PBXReferenceProxy;
			fileType = archive.ar;
			path = "libluabindings Mac.a";
			remoteRef = 2792E48A187500320002BB2B /* PBXContainerItemProxy */;
			sourceTree = BUILT_PRODUCTS_DIR;
		};
		2792E48D187500320002BB2B /* libcocos2dx iOS.a */ = {
			isa = PBXReferenceProxy;
			fileType = archive.ar;
			path = "libcocos2dx iOS.a";
			remoteRef = 2792E48C187500320002BB2B /* PBXContainerItemProxy */;
			sourceTree = BUILT_PRODUCTS_DIR;
		};
		2792E48F187500320002BB2B /* libcocos2dx-extensions iOS.a */ = {
			isa = PBXReferenceProxy;
			fileType = archive.ar;
			path = "libcocos2dx-extensions iOS.a";
			remoteRef = 2792E48E187500320002BB2B /* PBXContainerItemProxy */;
			sourceTree = BUILT_PRODUCTS_DIR;
		};
		2792E491187500320002BB2B /* libchipmunk iOS.a */ = {
			isa = PBXReferenceProxy;
			fileType = archive.ar;
			path = "libchipmunk iOS.a";
			remoteRef = 2792E490187500320002BB2B /* PBXContainerItemProxy */;
			sourceTree = BUILT_PRODUCTS_DIR;
		};
		2792E493187500320002BB2B /* libbox2d iOS.a */ = {
			isa = PBXReferenceProxy;
			fileType = archive.ar;
			path = "libbox2d iOS.a";
			remoteRef = 2792E492187500320002BB2B /* PBXContainerItemProxy */;
			sourceTree = BUILT_PRODUCTS_DIR;
		};
		2792E495187500320002BB2B /* libCocosDenshion iOS.a */ = {
			isa = PBXReferenceProxy;
			fileType = archive.ar;
			path = "libCocosDenshion iOS.a";
			remoteRef = 2792E494187500320002BB2B /* PBXContainerItemProxy */;
			sourceTree = BUILT_PRODUCTS_DIR;
		};
		2792E497187500320002BB2B /* libjsbindings iOS.a */ = {
			isa = PBXReferenceProxy;
			fileType = archive.ar;
			path = "libjsbindings iOS.a";
			remoteRef = 2792E496187500320002BB2B /* PBXContainerItemProxy */;
			sourceTree = BUILT_PRODUCTS_DIR;
		};
		2792E499187500320002BB2B /* libluabindings iOS.a */ = {
			isa = PBXReferenceProxy;
			fileType = archive.ar;
			path = "libluabindings iOS.a";
			remoteRef = 2792E498187500320002BB2B /* PBXContainerItemProxy */;
			sourceTree = BUILT_PRODUCTS_DIR;
		};
/* End PBXReferenceProxy section */

/* Begin PBXResourcesBuildPhase section */
		2702EE33185A9612003114F6 /* Resources */ = {
			isa = PBXResourcesBuildPhase;
			buildActionMask = 2147483647;
			files = (
				27FDB010185EA0B100CCB1B5 /* dog.png in Resources */,
				27FDB016185EA0B100CCB1B5 /* land.png in Resources */,
				27D02CCC185EDC9300A634BE /* Opengl.lua in Resources */,
				27D02CCE185EDC9300A634BE /* StudioConstants.lua in Resources */,
				27FDB018185EA0B100CCB1B5 /* menu2.png in Resources */,
				2716B03A1872752700F4333F /* net.lua in Resources */,
				27FDB013185EA0B100CCB1B5 /* Marker Felt.ttf in Resources */,
				27FDB011185EA0B100CCB1B5 /* effect1.wav in Resources */,
				27D02CC5185EDC9300A634BE /* DeprecatedClass.lua in Resources */,
				27FDB014185EA0B100CCB1B5 /* hello.lua in Resources */,
				2713CC831881345800FE9B0C /* TestScene.lua in Resources */,
				2702EE43185A9612003114F6 /* InfoPlist.strings in Resources */,
				278EB8A31885338800187070 /* CTestScene.lua in Resources */,
				2790D9E9187BD65E00E6FC17 /* base.lua in Resources */,
				27D02CC3185EDC9300A634BE /* Cocos2dConstants.lua in Resources */,
				27D02CC9185EDC9300A634BE /* json.lua in Resources */,
				27D02CC4185EDC9300A634BE /* Deprecated.lua in Resources */,
				27D02CC7185EDC9300A634BE /* DeprecatedOpenglEnum.lua in Resources */,
				27FDB00F185EA0B100CCB1B5 /* crop.png in Resources */,
				27FDB00E185EA0B100CCB1B5 /* background.ogg in Resources */,
				27D02CCA185EDC9300A634BE /* luaj.lua in Resources */,
				27D02CCD185EDC9300A634BE /* OpenglConstants.lua in Resources */,
				27FDB012185EA0B100CCB1B5 /* farm.jpg in Resources */,
				27D02CC2185EDC9300A634BE /* Cocos2d.lua in Resources */,
				27D02CC6185EDC9300A634BE /* DeprecatedEnum.lua in Resources */,
				27D02CCB185EDC9300A634BE /* luaoc.lua in Resources */,
				272A2A2118865E4200BDDE97 /* CCTestScene.lua in Resources */,
				27FDB00D185EA0B100CCB1B5 /* background.mp3 in Resources */,
				27D02CC1185EDC9300A634BE /* CCBReaderLoad.lua in Resources */,
				27D02CC8185EDC9300A634BE /* DrawPrimitives.lua in Resources */,
				2702EE4B185A9612003114F6 /* Images.xcassets in Resources */,
				27FDB017185EA0B100CCB1B5 /* menu1.png in Resources */,
				27D02CC0185EDC9300A634BE /* AudioEngine.lua in Resources */,
			);
			runOnlyForDeploymentPostprocessing = 0;
		};
/* End PBXResourcesBuildPhase section */

/* Begin PBXSourcesBuildPhase section */
		2702EE31185A9612003114F6 /* Sources */ = {
			isa = PBXSourcesBuildPhase;
			buildActionMask = 2147483647;
			files = (
				270BA437187A8C290063F8A1 /* NetworkHook.cpp in Sources */,
				2792E4A41875352E0002BB2B /* RequestManager.cpp in Sources */,
				2709AF3D187E3320005D1569 /* SocketUtil.cpp in Sources */,
				2702F4C2185ABCDA003114F6 /* RootViewController.mm in Sources */,
				2716B0281872637F00F4333F /* JsonUtil.cpp in Sources */,
				2702F4BF185ABC8C003114F6 /* AppController.mm in Sources */,
				271B34B018717CB700CF4FEE /* luaUtil.cpp in Sources */,
				2702EE49185A9612003114F6 /* AppDelegate.mm in Sources */,
				278968F81877F63000CA9746 /* baseUtil.cpp in Sources */,
				270BA422187A7D1D0063F8A1 /* socket.cpp in Sources */,
				2702EE45185A9612003114F6 /* main.mm in Sources */,
			);
			runOnlyForDeploymentPostprocessing = 0;
		};
/* End PBXSourcesBuildPhase section */

/* Begin PBXVariantGroup section */
		2702EE41185A9612003114F6 /* InfoPlist.strings */ = {
			isa = PBXVariantGroup;
			children = (
				2702EE42185A9612003114F6 /* en */,
			);
			name = InfoPlist.strings;
			sourceTree = "<group>";
		};
/* End PBXVariantGroup section */

/* Begin XCBuildConfiguration section */
		2702EE5F185A9613003114F6 /* Debug */ = {
			isa = XCBuildConfiguration;
			buildSettings = {
				ALWAYS_SEARCH_USER_PATHS = NO;
				ARCHS = "$(ARCHS_STANDARD_INCLUDING_64_BIT)";
				CLANG_CXX_LANGUAGE_STANDARD = "gnu++0x";
				CLANG_CXX_LIBRARY = "libc++";
				CLANG_ENABLE_MODULES = YES;
				CLANG_ENABLE_OBJC_ARC = YES;
				CLANG_WARN_BOOL_CONVERSION = YES;
				CLANG_WARN_CONSTANT_CONVERSION = YES;
				CLANG_WARN_DIRECT_OBJC_ISA_USAGE = YES_ERROR;
				CLANG_WARN_EMPTY_BODY = YES;
				CLANG_WARN_ENUM_CONVERSION = YES;
				CLANG_WARN_INT_CONVERSION = YES;
				CLANG_WARN_OBJC_ROOT_CLASS = YES_ERROR;
				CLANG_WARN__DUPLICATE_METHOD_MATCH = YES;
				"CODE_SIGN_IDENTITY[sdk=iphoneos*]" = "iPhone Developer";
				COPY_PHASE_STRIP = NO;
				GCC_C_LANGUAGE_STANDARD = gnu99;
				GCC_DYNAMIC_NO_PIC = NO;
				GCC_OPTIMIZATION_LEVEL = 0;
				GCC_PREPROCESSOR_DEFINITIONS = (
					"DEBUG=1",
					"$(inherited)",
				);
				GCC_SYMBOLS_PRIVATE_EXTERN = NO;
				GCC_WARN_64_TO_32_BIT_CONVERSION = YES;
				GCC_WARN_ABOUT_RETURN_TYPE = YES_ERROR;
				GCC_WARN_UNDECLARED_SELECTOR = YES;
				GCC_WARN_UNINITIALIZED_AUTOS = YES;
				GCC_WARN_UNUSED_FUNCTION = YES;
				GCC_WARN_UNUSED_VARIABLE = YES;
				IPHONEOS_DEPLOYMENT_TARGET = 7.0;
				ONLY_ACTIVE_ARCH = YES;
				SDKROOT = iphoneos;
			};
			name = Debug;
		};
		2702EE60185A9613003114F6 /* Release */ = {
			isa = XCBuildConfiguration;
			buildSettings = {
				ALWAYS_SEARCH_USER_PATHS = NO;
				ARCHS = "$(ARCHS_STANDARD_INCLUDING_64_BIT)";
				CLANG_CXX_LANGUAGE_STANDARD = "gnu++0x";
				CLANG_CXX_LIBRARY = "libc++";
				CLANG_ENABLE_MODULES = YES;
				CLANG_ENABLE_OBJC_ARC = YES;
				CLANG_WARN_BOOL_CONVERSION = YES;
				CLANG_WARN_CONSTANT_CONVERSION = YES;
				CLANG_WARN_DIRECT_OBJC_ISA_USAGE = YES_ERROR;
				CLANG_WARN_EMPTY_BODY = YES;
				CLANG_WARN_ENUM_CONVERSION = YES;
				CLANG_WARN_INT_CONVERSION = YES;
				CLANG_WARN_OBJC_ROOT_CLASS = YES_ERROR;
				CLANG_WARN__DUPLICATE_METHOD_MATCH = YES;
				"CODE_SIGN_IDENTITY[sdk=iphoneos*]" = "iPhone Developer";
				COPY_PHASE_STRIP = YES;
				ENABLE_NS_ASSERTIONS = NO;
				GCC_C_LANGUAGE_STANDARD = gnu99;
				GCC_WARN_64_TO_32_BIT_CONVERSION = YES;
				GCC_WARN_ABOUT_RETURN_TYPE = YES_ERROR;
				GCC_WARN_UNDECLARED_SELECTOR = YES;
				GCC_WARN_UNINITIALIZED_AUTOS = YES;
				GCC_WARN_UNUSED_FUNCTION = YES;
				GCC_WARN_UNUSED_VARIABLE = YES;
				IPHONEOS_DEPLOYMENT_TARGET = 7.0;
				SDKROOT = iphoneos;
				VALIDATE_PRODUCT = YES;
			};
			name = Release;
		};
		2702EE62185A9613003114F6 /* Debug */ = {
			isa = XCBuildConfiguration;
			buildSettings = {
				ASSETCATALOG_COMPILER_APPICON_NAME = AppIcon;
				ASSETCATALOG_COMPILER_LAUNCHIMAGE_NAME = LaunchImage;
				CLANG_CXX_LIBRARY = "libc++";
				CLANG_ENABLE_OBJC_ARC = NO;
				GCC_C_LANGUAGE_STANDARD = c11;
				GCC_PRECOMPILE_PREFIX_HEADER = YES;
				GCC_PREFIX_HEADER = "coclua/coclua-Prefix.pch";
				GCC_PREPROCESSOR_DEFINITIONS = CC_TARGET_OS_IPHONE;
				HEADER_SEARCH_PATHS = (
					"$(inherited)",
					/Applications/Xcode.app/Contents/Developer/Toolchains/XcodeDefault.xctoolchain/usr/include,
				);
				INFOPLIST_FILE = "coclua/coclua-Info.plist";
				LIBRARY_SEARCH_PATHS = (
					"$(inherited)",
					"$(SRCROOT)/libs/",
				);
				PRIVATE_HEADERS_FOLDER_PATH = /usr/local/include;
				PRODUCT_NAME = "$(TARGET_NAME)";
				PUBLIC_HEADERS_FOLDER_PATH = /usr/local/include;
				USER_HEADER_SEARCH_PATHS = "$(inherited) $(SRCROOT)/libs/2d $(SRCROOT)/libs/physics $(SRCROOT)/libs/base $(SRCROOT)/libs/ $(SRCROOT)/libs/editor-support $(SRCROOT)/libs/audio/include $(SRCROOT)/libs/2d/platform/ios $(SRCROOT)/libs/math/kazmath/include $(SRCROOT)/libs/external $(SRCROOT)/libs/external/chipmunk/include/chipmunk $(SRCROOT)/libs/storage $(SRCROOT)/libs/external/lua/luajit/include $(SRCROOT)/libs/scripting/lua/bindings $(SRCROOT)/libs/external/lua/tolua /usr/local/include";
				WRAPPER_EXTENSION = app;
			};
			name = Debug;
		};
		2702EE63185A9613003114F6 /* Release */ = {
			isa = XCBuildConfiguration;
			buildSettings = {
				ASSETCATALOG_COMPILER_APPICON_NAME = AppIcon;
				ASSETCATALOG_COMPILER_LAUNCHIMAGE_NAME = LaunchImage;
				CLANG_CXX_LIBRARY = "libc++";
				CLANG_ENABLE_OBJC_ARC = NO;
				GCC_C_LANGUAGE_STANDARD = c11;
				GCC_PRECOMPILE_PREFIX_HEADER = YES;
				GCC_PREFIX_HEADER = "coclua/coclua-Prefix.pch";
				GCC_PREPROCESSOR_DEFINITIONS = CC_TARGET_OS_IPHONE;
				HEADER_SEARCH_PATHS = (
					"$(inherited)",
					/Applications/Xcode.app/Contents/Developer/Toolchains/XcodeDefault.xctoolchain/usr/include,
				);
				INFOPLIST_FILE = "coclua/coclua-Info.plist";
				LIBRARY_SEARCH_PATHS = (
					"$(inherited)",
					"$(SRCROOT)/libs/",
				);
				PRIVATE_HEADERS_FOLDER_PATH = /usr/local/include;
				PRODUCT_NAME = "$(TARGET_NAME)";
				PUBLIC_HEADERS_FOLDER_PATH = /usr/local/include;
				USER_HEADER_SEARCH_PATHS = "$(inherited) $(SRCROOT)/libs/2d $(SRCROOT)/libs/physics $(SRCROOT)/libs/base $(SRCROOT)/libs/ $(SRCROOT)/libs/editor-support $(SRCROOT)/libs/audio/include $(SRCROOT)/libs/2d/platform/ios $(SRCROOT)/libs/math/kazmath/include $(SRCROOT)/libs/external $(SRCROOT)/libs/external/chipmunk/include/chipmunk $(SRCROOT)/libs/storage $(SRCROOT)/libs/external/lua/luajit/include $(SRCROOT)/libs/scripting/lua/bindings $(SRCROOT)/libs/external/lua/tolua /usr/local/include";
				WRAPPER_EXTENSION = app;
			};
			name = Release;
		};
/* End XCBuildConfiguration section */

/* Begin XCConfigurationList section */
		2702EE30185A9612003114F6 /* Build configuration list for PBXProject "coclua" */ = {
			isa = XCConfigurationList;
			buildConfigurations = (
				2702EE5F185A9613003114F6 /* Debug */,
				2702EE60185A9613003114F6 /* Release */,
			);
			defaultConfigurationIsVisible = 0;
			defaultConfigurationName = Release;
		};
		2702EE61185A9613003114F6 /* Build configuration list for PBXNativeTarget "coclua" */ = {
			isa = XCConfigurationList;
			buildConfigurations = (
				2702EE62185A9613003114F6 /* Debug */,
				2702EE63185A9613003114F6 /* Release */,
			);
			defaultConfigurationIsVisible = 0;
			defaultConfigurationName = Release;
		};
/* End XCConfigurationList section */
	};
	rootObject = 2702EE2D185A9612003114F6 /* Project object */;
}
